
Microsoft Visual Studio Solution File, Format Version 12.00
# Visual Studio Version 16
VisualStudioVersion = 16.0.31410.357
MinimumVisualStudioVersion = 10.0.40219.1
Project("{FAE04EC0-301F-11D3-BF4B-00C04F79EFBC}") = "Lesson 4 (Abstract classes and Interfaces)", "Lesson 4 (Abstract classes and Interfaces).csproj", "{ECAAD9C5-5F9E-48CF-BAC7-86820417391E}"
EndProject
Global
	GlobalSection(SolutionConfigurationPlatforms) = preSolution
		Debug|Any CPU = Debug|Any CPU
		Release|Any CPU = Release|Any CPU
	EndGlobalSection
	GlobalSection(ProjectConfigurationPlatforms) = postSolution
		{ECAAD9C5-5F9E-48CF-BAC7-86820417391E}.Debug|Any CPU.ActiveCfg = Debug|Any CPU
		{ECAAD9C5-5F9E-48CF-BAC7-86820417391E}.Debug|Any CPU.Build.0 = Debug|Any CPU
		{ECAAD9C5-5F9E-48CF-BAC7-86820417391E}.Release|Any CPU.ActiveCfg = Release|Any CPU
		{ECAAD9C5-5F9E-48CF-BAC7-86820417391E}.Release|Any CPU.Build.0 = Release|Any CPU
	EndGlobalSection
	GlobalSection(SolutionProperties) = preSolution
		HideSolutionNode = FALSE
	EndGlobalSection
	GlobalSection(ExtensibilityGlobals) = postSolution
		SolutionGuid = {7B13D268-1EDD-4357-877B-28525A0953B3}
	EndGlobalSection
EndGlobal
